
Microsoft Visual Studio Solution File, Format Version 12.00
# Visual Studio Version 17
VisualStudioVersion = 17.6.33815.320
MinimumVisualStudioVersion = 10.0.40219.1
Project("{9A19103F-16F7-4668-BE54-9A1E7A4F7556}") = "DLCF_Parser", "DLCF_Parser\DLCF_Parser.csproj", "{1FB1BE45-D07F-487D-918E-6B8872E2EEF7}"
EndProject
Project("{FAE04EC0-301F-11D3-BF4B-00C04F79EFBC}") = "ParserTest", "ParserTest\ParserTest.csproj", "{3300D3C2-2B4E-4BC0-9B86-CAD9A5AD5F46}"
EndProject
Global
	GlobalSection(SolutionConfigurationPlatforms) = preSolution
		Debug|Any CPU = Debug|Any CPU
		Release|Any CPU = Release|Any CPU
	EndGlobalSection
	GlobalSection(ProjectConfigurationPlatforms) = postSolution
		{1FB1BE45-D07F-487D-918E-6B8872E2EEF7}.Debug|Any CPU.ActiveCfg = Debug|Any CPU
		{1FB1BE45-D07F-487D-918E-6B8872E2EEF7}.Debug|Any CPU.Build.0 = Debug|Any CPU
		{1FB1BE45-D07F-487D-918E-6B8872E2EEF7}.Release|Any CPU.ActiveCfg = Release|Any CPU
		{1FB1BE45-D07F-487D-918E-6B8872E2EEF7}.Release|Any CPU.Build.0 = Release|Any CPU
		{3300D3C2-2B4E-4BC0-9B86-CAD9A5AD5F46}.Debug|Any CPU.ActiveCfg = Debug|Any CPU
		{3300D3C2-2B4E-4BC0-9B86-CAD9A5AD5F46}.Debug|Any CPU.Build.0 = Debug|Any CPU
		{3300D3C2-2B4E-4BC0-9B86-CAD9A5AD5F46}.Release|Any CPU.ActiveCfg = Release|Any CPU
		{3300D3C2-2B4E-4BC0-9B86-CAD9A5AD5F46}.Release|Any CPU.Build.0 = Release|Any CPU
	EndGlobalSection
	GlobalSection(SolutionProperties) = preSolution
		HideSolutionNode = FALSE
	EndGlobalSection
	GlobalSection(ExtensibilityGlobals) = postSolution
		SolutionGuid = {97A38604-F490-4ECD-8E14-0395B03B810E}
	EndGlobalSection
EndGlobal
